// !$*UTF8*$!
{
	archiveVersion = 1;
	classes = {
	};
	objectVersion = 50;
	objects = {

/* Begin PBXBuildFile section */
		D58BBDA622B4D4F700657907 /* AppDelegate.swift in Sources */ = {isa = PBXBuildFile; fileRef = D58BBDA522B4D4F700657907 /* AppDelegate.swift */; };
		D58BBDA822B4D4F700657907 /* art.scnassets in Resources */ = {isa = PBXBuildFile; fileRef = D58BBDA722B4D4F700657907 /* art.scnassets */; };
		D58BBDAA22B4D4F700657907 /* ViewController.swift in Sources */ = {isa = PBXBuildFile; fileRef = D58BBDA922B4D4F700657907 /* ViewController.swift */; };
		D58BBDAD22B4D4F700657907 /* Main.storyboard in Resources */ = {isa = PBXBuildFile; fileRef = D58BBDAB22B4D4F700657907 /* Main.storyboard */; };
		D58BBDAF22B4D4F900657907 /* Assets.xcassets in Resources */ = {isa = PBXBuildFile; fileRef = D58BBDAE22B4D4F900657907 /* Assets.xcassets */; };
		D58BBDB222B4D4F900657907 /* LaunchScreen.storyboard in Resources */ = {isa = PBXBuildFile; fileRef = D58BBDB022B4D4F900657907 /* LaunchScreen.storyboard */; };
		D58BBDBD22B4D4F900657907 /* ARTestTests.swift in Sources */ = {isa = PBXBuildFile; fileRef = D58BBDBC22B4D4F900657907 /* ARTestTests.swift */; };
		D58BBDC822B4D4F900657907 /* ARTestUITests.swift in Sources */ = {isa = PBXBuildFile; fileRef = D58BBDC722B4D4F900657907 /* ARTestUITests.swift */; };
/* End PBXBuildFile section */

/* Begin PBXContainerItemProxy section */
		D58BBDB922B4D4F900657907 /* PBXContainerItemProxy */ = {
			isa = PBXContainerItemProxy;
			containerPortal = D58BBD9A22B4D4F700657907 /* Project object */;
			proxyType = 1;
			remoteGlobalIDString = D58BBDA122B4D4F700657907;
			remoteInfo = ARTest;
		};
		D58BBDC422B4D4F900657907 /* PBXContainerItemProxy */ = {
			isa = PBXContainerItemProxy;
			containerPortal = D58BBD9A22B4D4F700657907 /* Project object */;
			proxyType = 1;
			remoteGlobalIDString = D58BBDA122B4D4F700657907;
			remoteInfo = ARTest;
		};
/* End PBXContainerItemProxy section */

/* Begin PBXFileReference section */
		D58BBDA222B4D4F700657907 /* ARTest.app */ = {isa = PBXFileReference; explicitFileType = wrapper.application; includeInIndex = 0; path = ARTest.app; sourceTree = BUILT_PRODUCTS_DIR; };
		D58BBDA522B4D4F700657907 /* AppDelegate.swift */ = {isa = PBXFileReference; lastKnownFileType = sourcecode.swift; path = AppDelegate.swift; sourceTree = "<group>"; };
		D58BBDA722B4D4F700657907 /* art.scnassets */ = {isa = PBXFileReference; lastKnownFileType = wrapper.scnassets; path = art.scnassets; sourceTree = "<group>"; };
		D58BBDA922B4D4F700657907 /* ViewController.swift */ = {isa = PBXFileReference; lastKnownFileType = sourcecode.swift; path = ViewController.swift; sourceTree = "<group>"; };
		D58BBDAC22B4D4F700657907 /* Base */ = {isa = PBXFileReference; lastKnownFileType = file.storyboard; name = Base; path = Base.lproj/Main.storyboard; sourceTree = "<group>"; };
		D58BBDAE22B4D4F900657907 /* Assets.xcassets */ = {isa = PBXFileReference; lastKnownFileType = folder.assetcatalog; path = Assets.xcassets; sourceTree = "<group>"; };
		D58BBDB122B4D4F900657907 /* Base */ = {isa = PBXFileReference; lastKnownFileType = file.storyboard; name = Base; path = Base.lproj/LaunchScreen.storyboard; sourceTree = "<group>"; };
		D58BBDB322B4D4F900657907 /* Info.plist */ = {isa = PBXFileReference; lastKnownFileType = text.plist.xml; path = Info.plist; sourceTree = "<group>"; };
		D58BBDB822B4D4F900657907 /* ARTestTests.xctest */ = {isa = PBXFileReference; explicitFileType = wrapper.cfbundle; includeInIndex = 0; path = ARTestTests.xctest; sourceTree = BUILT_PRODUCTS_DIR; };
		D58BBDBC22B4D4F900657907 /* ARTestTests.swift */ = {isa = PBXFileReference; lastKnownFileType = sourcecode.swift; path = ARTestTests.swift; sourceTree = "<group>"; };
		D58BBDBE22B4D4F900657907 /* Info.plist */ = {isa = PBXFileReference; lastKnownFileType = text.plist.xml; path = Info.plist; sourceTree = "<group>"; };
		D58BBDC322B4D4F900657907 /* ARTestUITests.xctest */ = {isa = PBXFileReference; explicitFileType = wrapper.cfbundle; includeInIndex = 0; path = ARTestUITests.xctest; sourceTree = BUILT_PRODUCTS_DIR; };
		D58BBDC722B4D4F900657907 /* ARTestUITests.swift */ = {isa = PBXFileReference; lastKnownFileType = sourcecode.swift; path = ARTestUITests.swift; sourceTree = "<group>"; };
		D58BBDC922B4D4F900657907 /* Info.plist */ = {isa = PBXFileReference; lastKnownFileType = text.plist.xml; path = Info.plist; sourceTree = "<group>"; };
/* End PBXFileReference section */

/* Begin PBXFrameworksBuildPhase section */
		D58BBD9F22B4D4F700657907 /* Frameworks */ = {
			isa = PBXFrameworksBuildPhase;
			buildActionMask = 2147483647;
			files = (
			);
			runOnlyForDeploymentPostprocessing = 0;
		};
		D58BBDB522B4D4F900657907 /* Frameworks */ = {
			isa = PBXFrameworksBuildPhase;
			buildActionMask = 2147483647;
			files = (
			);
			runOnlyForDeploymentPostprocessing = 0;
		};
		D58BBDC022B4D4F900657907 /* Frameworks */ = {
			isa = PBXFrameworksBuildPhase;
			buildActionMask = 2147483647;
			files = (
			);
			runOnlyForDeploymentPostprocessing = 0;
		};
/* End PBXFrameworksBuildPhase section */

/* Begin PBXGroup section */
		D58BBD9922B4D4F700657907 = {
			isa = PBXGroup;
			children = (
				D58BBDA422B4D4F700657907 /* ARTest */,
				D58BBDBB22B4D4F900657907 /* ARTestTests */,
				D58BBDC622B4D4F900657907 /* ARTestUITests */,
				D58BBDA322B4D4F700657907 /* Products */,
			);
			sourceTree = "<group>";
		};
		D58BBDA322B4D4F700657907 /* Products */ = {
			isa = PBXGroup;
			children = (
				D58BBDA222B4D4F700657907 /* ARTest.app */,
				D58BBDB822B4D4F900657907 /* ARTestTests.xctest */,
				D58BBDC322B4D4F900657907 /* ARTestUITests.xctest */,
			);
			name = Products;
			sourceTree = "<group>";
		};
		D58BBDA422B4D4F700657907 /* ARTest */ = {
			isa = PBXGroup;
			children = (
				D58BBDA522B4D4F700657907 /* AppDelegate.swift */,
				D58BBDA722B4D4F700657907 /* art.scnassets */,
				D58BBDA922B4D4F700657907 /* ViewController.swift */,
				D58BBDAB22B4D4F700657907 /* Main.storyboard */,
				D58BBDAE22B4D4F900657907 /* Assets.xcassets */,
				D58BBDB022B4D4F900657907 /* LaunchScreen.storyboard */,
				D58BBDB322B4D4F900657907 /* Info.plist */,
			);
			path = ARTest;
			sourceTree = "<group>";
		};
		D58BBDBB22B4D4F900657907 /* ARTestTests */ = {
			isa = PBXGroup;
			children = (
				D58BBDBC22B4D4F900657907 /* ARTestTests.swift */,
				D58BBDBE22B4D4F900657907 /* Info.plist */,
			);
			path = ARTestTests;
			sourceTree = "<group>";
		};
		D58BBDC622B4D4F900657907 /* ARTestUITests */ = {
			isa = PBXGroup;
			children = (
				D58BBDC722B4D4F900657907 /* ARTestUITests.swift */,
				D58BBDC922B4D4F900657907 /* Info.plist */,
			);
			path = ARTestUITests;
			sourceTree = "<group>";
		};
/* End PBXGroup section */

/* Begin PBXNativeTarget section */
		D58BBDA122B4D4F700657907 /* ARTest */ = {
			isa = PBXNativeTarget;
			buildConfigurationList = D58BBDCC22B4D4F900657907 /* Build configuration list for PBXNativeTarget "ARTest" */;
			buildPhases = (
				D58BBD9E22B4D4F700657907 /* Sources */,
				D58BBD9F22B4D4F700657907 /* Frameworks */,
				D58BBDA022B4D4F700657907 /* Resources */,
			);
			buildRules = (
			);
			dependencies = (
			);
			name = ARTest;
			productName = ARTest;
			productReference = D58BBDA222B4D4F700657907 /* ARTest.app */;
			productType = "com.apple.product-type.application";
		};
		D58BBDB722B4D4F900657907 /* ARTestTests */ = {
			isa = PBXNativeTarget;
			buildConfigurationList = D58BBDCF22B4D4F900657907 /* Build configuration list for PBXNativeTarget "ARTestTests" */;
			buildPhases = (
				D58BBDB422B4D4F900657907 /* Sources */,
				D58BBDB522B4D4F900657907 /* Frameworks */,
				D58BBDB622B4D4F900657907 /* Resources */,
			);
			buildRules = (
			);
			dependencies = (
				D58BBDBA22B4D4F900657907 /* PBXTargetDependency */,
			);
			name = ARTestTests;
			productName = ARTestTests;
			productReference = D58BBDB822B4D4F900657907 /* ARTestTests.xctest */;
			productType = "com.apple.product-type.bundle.unit-test";
		};
		D58BBDC222B4D4F900657907 /* ARTestUITests */ = {
			isa = PBXNativeTarget;
			buildConfigurationList = D58BBDD222B4D4F900657907 /* Build configuration list for PBXNativeTarget "ARTestUITests" */;
			buildPhases = (
				D58BBDBF22B4D4F900657907 /* Sources */,
				D58BBDC022B4D4F900657907 /* Frameworks */,
				D58BBDC122B4D4F900657907 /* Resources */,
			);
			buildRules = (
			);
			dependencies = (
				D58BBDC522B4D4F900657907 /* PBXTargetDependency */,
			);
			name = ARTestUITests;
			productName = ARTestUITests;
			productReference = D58BBDC322B4D4F900657907 /* ARTestUITests.xctest */;
			productType = "com.apple.product-type.bundle.ui-testing";
		};
/* End PBXNativeTarget section */

/* Begin PBXProject section */
		D58BBD9A22B4D4F700657907 /* Project object */ = {
			isa = PBXProject;
			attributes = {
				LastSwiftUpdateCheck = 1020;
				LastUpgradeCheck = 1020;
				ORGANIZATIONNAME = STIKI;
				TargetAttributes = {
					D58BBDA122B4D4F700657907 = {
						CreatedOnToolsVersion = 10.2.1;
					};
					D58BBDB722B4D4F900657907 = {
						CreatedOnToolsVersion = 10.2.1;
						TestTargetID = D58BBDA122B4D4F700657907;
					};
					D58BBDC222B4D4F900657907 = {
						CreatedOnToolsVersion = 10.2.1;
						TestTargetID = D58BBDA122B4D4F700657907;
					};
				};
			};
			buildConfigurationList = D58BBD9D22B4D4F700657907 /* Build configuration list for PBXProject "ARTest" */;
			compatibilityVersion = "Xcode 9.3";
			developmentRegion = en;
			hasScannedForEncodings = 0;
			knownRegions = (
				en,
				Base,
			);
			mainGroup = D58BBD9922B4D4F700657907;
			productRefGroup = D58BBDA322B4D4F700657907 /* Products */;
			projectDirPath = "";
			projectRoot = "";
			targets = (
				D58BBDA122B4D4F700657907 /* ARTest */,
				D58BBDB722B4D4F900657907 /* ARTestTests */,
				D58BBDC222B4D4F900657907 /* ARTestUITests */,
			);
		};
/* End PBXProject section */

/* Begin PBXResourcesBuildPhase section */
		D58BBDA022B4D4F700657907 /* Resources */ = {
			isa = PBXResourcesBuildPhase;
			buildActionMask = 2147483647;
			files = (
				D58BBDA822B4D4F700657907 /* art.scnassets in Resources */,
				D58BBDB222B4D4F900657907 /* LaunchScreen.storyboard in Resources */,
				D58BBDAF22B4D4F900657907 /* Assets.xcassets in Resources */,
				D58BBDAD22B4D4F700657907 /* Main.storyboard in Resources */,
			);
			runOnlyForDeploymentPostprocessing = 0;
		};
		D58BBDB622B4D4F900657907 /* Resources */ = {
			isa = PBXResourcesBuildPhase;
			buildActionMask = 2147483647;
			files = (
			);
			runOnlyForDeploymentPostprocessing = 0;
		};
		D58BBDC122B4D4F900657907 /* Resources */ = {
			isa = PBXResourcesBuildPhase;
			buildActionMask = 2147483647;
			files = (
			);
			runOnlyForDeploymentPostprocessing = 0;
		};
/* End PBXResourcesBuildPhase section */

/* Begin PBXSourcesBuildPhase section */
		D58BBD9E22B4D4F700657907 /* Sources */ = {
			isa = PBXSourcesBuildPhase;
			buildActionMask = 2147483647;
			files = (
				D58BBDAA22B4D4F700657907 /* ViewController.swift in Sources */,
				D58BBDA622B4D4F700657907 /* AppDelegate.swift in Sources */,
			);
			runOnlyForDeploymentPostprocessing = 0;
		};
		D58BBDB422B4D4F900657907 /* Sources */ = {
			isa = PBXSourcesBuildPhase;
			buildActionMask = 2147483647;
			files = (
				D58BBDBD22B4D4F900657907 /* ARTestTests.swift in Sources */,
			);
			runOnlyForDeploymentPostprocessing = 0;
		};
		D58BBDBF22B4D4F900657907 /* Sources */ = {
			isa = PBXSourcesBuildPhase;
			buildActionMask = 2147483647;
			files = (
				D58BBDC822B4D4F900657907 /* ARTestUITests.swift in Sources */,
			);
			runOnlyForDeploymentPostprocessing = 0;
		};
/* End PBXSourcesBuildPhase section */

/* Begin PBXTargetDependency section */
		D58BBDBA22B4D4F900657907 /* PBXTargetDependency */ = {
			isa = PBXTargetDependency;
			target = D58BBDA122B4D4F700657907 /* ARTest */;
			targetProxy = D58BBDB922B4D4F900657907 /* PBXContainerItemProxy */;
		};
		D58BBDC522B4D4F900657907 /* PBXTargetDependency */ = {
			isa = PBXTargetDependency;
			target = D58BBDA122B4D4F700657907 /* ARTest */;
			targetProxy = D58BBDC422B4D4F900657907 /* PBXContainerItemProxy */;
		};
/* End PBXTargetDependency section */

/* Begin PBXVariantGroup section */
		D58BBDAB22B4D4F700657907 /* Main.storyboard */ = {
			isa = PBXVariantGroup;
			children = (
				D58BBDAC22B4D4F700657907 /* Base */,
			);
			name = Main.storyboard;
			sourceTree = "<group>";
		};
		D58BBDB022B4D4F900657907 /* LaunchScreen.storyboard */ = {
			isa = PBXVariantGroup;
			children = (
				D58BBDB122B4D4F900657907 /* Base */,
			);
			name = LaunchScreen.storyboard;
			sourceTree = "<group>";
		};
/* End PBXVariantGroup section */

/* Begin XCBuildConfiguration section */
		D58BBDCA22B4D4F900657907 /* Debug */ = {
			isa = XCBuildConfiguration;
			buildSettings = {
				ALWAYS_SEARCH_USER_PATHS = NO;
				CLANG_ANALYZER_NONNULL = YES;
				CLANG_ANALYZER_NUMBER_OBJECT_CONVERSION = YES_AGGRESSIVE;
				CLANG_CXX_LANGUAGE_STANDARD = "gnu++14";
				CLANG_CXX_LIBRARY = "libc++";
				CLANG_ENABLE_MODULES = YES;
				CLANG_ENABLE_OBJC_ARC = YES;
				CLANG_ENABLE_OBJC_WEAK = YES;
				CLANG_WARN_BLOCK_CAPTURE_AUTORELEASING = YES;
				CLANG_WARN_BOOL_CONVERSION = YES;
				CLANG_WARN_COMMA = YES;
				CLANG_WARN_CONSTANT_CONVERSION = YES;
				CLANG_WARN_DEPRECATED_OBJC_IMPLEMENTATIONS = YES;
				CLANG_WARN_DIRECT_OBJC_ISA_USAGE = YES_ERROR;
				CLANG_WARN_DOCUMENTATION_COMMENTS = YES;
				CLANG_WARN_EMPTY_BODY = YES;
				CLANG_WARN_ENUM_CONVERSION = YES;
				CLANG_WARN_INFINITE_RECURSION = YES;
				CLANG_WARN_INT_CONVERSION = YES;
				CLANG_WARN_NON_LITERAL_NULL_CONVERSION = YES;
				CLANG_WARN_OBJC_IMPLICIT_RETAIN_SELF = YES;
				CLANG_WARN_OBJC_LITERAL_CONVERSION = YES;
				CLANG_WARN_OBJC_ROOT_CLASS = YES_ERROR;
				CLANG_WARN_RANGE_LOOP_ANALYSIS = YES;
				CLANG_WARN_STRICT_PROTOTYPES = YES;
				CLANG_WARN_SUSPICIOUS_MOVE = YES;
				CLANG_WARN_UNGUARDED_AVAILABILITY = YES_AGGRESSIVE;
				CLANG_WARN_UNREACHABLE_CODE = YES;
				CLANG_WARN__DUPLICATE_METHOD_MATCH = YES;
				CODE_SIGN_IDENTITY = "iPhone Developer";
				COPY_PHASE_STRIP = NO;
				DEBUG_INFORMATION_FORMAT = dwarf;
				ENABLE_STRICT_OBJC_MSGSEND = YES;
				ENABLE_TESTABILITY = YES;
				GCC_C_LANGUAGE_STANDARD = gnu11;
				GCC_DYNAMIC_NO_PIC = NO;
				GCC_NO_COMMON_BLOCKS = YES;
				GCC_OPTIMIZATION_LEVEL = 0;
				GCC_PREPROCESSOR_DEFINITIONS = (
					"DEBUG=1",
					"$(inherited)",
				);
				GCC_WARN_64_TO_32_BIT_CONVERSION = YES;
				GCC_WARN_ABOUT_RETURN_TYPE = YES_ERROR;
				GCC_WARN_UNDECLARED_SELECTOR = YES;
				GCC_WARN_UNINITIALIZED_AUTOS = YES_AGGRESSIVE;
				GCC_WARN_UNUSED_FUNCTION = YES;
				GCC_WARN_UNUSED_VARIABLE = YES;
				IPHONEOS_DEPLOYMENT_TARGET = 12.2;
				MTL_ENABLE_DEBUG_INFO = INCLUDE_SOURCE;
				MTL_FAST_MATH = YES;
				ONLY_ACTIVE_ARCH = YES;
				SDKROOT = iphoneos;
				SWIFT_ACTIVE_COMPILATION_CONDITIONS = DEBUG;
				SWIFT_OPTIMIZATION_LEVEL = "-Onone";
			};
			name = Debug;
		};
		D58BBDCB22B4D4F900657907 /* Release */ = {
			isa = XCBuildConfiguration;
			buildSettings = {
				ALWAYS_SEARCH_USER_PATHS = NO;
				CLANG_ANALYZER_NONNULL = YES;
				CLANG_ANALYZER_NUMBER_OBJECT_CONVERSION = YES_AGGRESSIVE;
				CLANG_CXX_LANGUAGE_STANDARD = "gnu++14";
				CLANG_CXX_LIBRARY = "libc++";
				CLANG_ENABLE_MODULES = YES;
				CLANG_ENABLE_OBJC_ARC = YES;
				CLANG_ENABLE_OBJC_WEAK = YES;
				CLANG_WARN_BLOCK_CAPTURE_AUTORELEASING = YES;
				CLANG_WARN_BOOL_CONVERSION = YES;
				CLANG_WARN_COMMA = YES;
				CLANG_WARN_CONSTANT_CONVERSION = YES;
				CLANG_WARN_DEPRECATED_OBJC_IMPLEMENTATIONS = YES;
				CLANG_WARN_DIRECT_OBJC_ISA_USAGE = YES_ERROR;
				CLANG_WARN_DOCUMENTATION_COMMENTS = YES;
				CLANG_WARN_EMPTY_BODY = YES;
				CLANG_WARN_ENUM_CONVERSION = YES;
				CLANG_WARN_INFINITE_RECURSION = YES;
				CLANG_WARN_INT_CONVERSION = YES;
				CLANG_WARN_NON_LITERAL_NULL_CONVERSION = YES;
				CLANG_WARN_OBJC_IMPLICIT_RETAIN_SELF = YES;
				CLANG_WARN_OBJC_LITERAL_CONVERSION = YES;
				CLANG_WARN_OBJC_ROOT_CLASS = YES_ERROR;
				CLANG_WARN_RANGE_LOOP_ANALYSIS = YES;
				CLANG_WARN_STRICT_PROTOTYPES = YES;
				CLANG_WARN_SUSPICIOUS_MOVE = YES;
				CLANG_WARN_UNGUARDED_AVAILABILITY = YES_AGGRESSIVE;
				CLANG_WARN_UNREACHABLE_CODE = YES;
				CLANG_WARN__DUPLICATE_METHOD_MATCH = YES;
				CODE_SIGN_IDENTITY = "iPhone Developer";
				COPY_PHASE_STRIP = NO;
				DEBUG_INFORMATION_FORMAT = "dwarf-with-dsym";
				ENABLE_NS_ASSERTIONS = NO;
				ENABLE_STRICT_OBJC_MSGSEND = YES;
				GCC_C_LANGUAGE_STANDARD = gnu11;
				GCC_NO_COMMON_BLOCKS = YES;
				GCC_WARN_64_TO_32_BIT_CONVERSION = YES;
				GCC_WARN_ABOUT_RETURN_TYPE = YES_ERROR;
				GCC_WARN_UNDECLARED_SELECTOR = YES;
				GCC_WARN_UNINITIALIZED_AUTOS = YES_AGGRESSIVE;
				GCC_WARN_UNUSED_FUNCTION = YES;
				GCC_WARN_UNUSED_VARIABLE = YES;
				IPHONEOS_DEPLOYMENT_TARGET = 12.2;
				MTL_ENABLE_DEBUG_INFO = NO;
				MTL_FAST_MATH = YES;
				SDKROOT = iphoneos;
				SWIFT_COMPILATION_MODE = wholemodule;
				SWIFT_OPTIMIZATION_LEVEL = "-O";
				VALIDATE_PRODUCT = YES;
			};
			name = Release;
		};
		D58BBDCD22B4D4F900657907 /* Debug */ = {
			isa = XCBuildConfiguration;
			buildSettings = {
				ASSETCATALOG_COMPILER_APPICON_NAME = AppIcon;
				CODE_SIGN_STYLE = Automatic;
				DEVELOPMENT_TEAM = 5M3WX5VAKR;
				INFOPLIST_FILE = ARTest/Info.plist;
				LD_RUNPATH_SEARCH_PATHS = (
					"$(inherited)",
					"@executable_path/Frameworks",
				);
				PRODUCT_BUNDLE_IDENTIFIER = com.stiki.ARTest;
				PRODUCT_NAME = "$(TARGET_NAME)";
				SWIFT_VERSION = 5.0;
				TARGETED_DEVICE_FAMILY = "1,2";
			};
			name = Debug;
		};
		D58BBDCE22B4D4F900657907 /* Release */ = {
			isa = XCBuildConfiguration;
			buildSettings = {
				ASSETCATALOG_COMPILER_APPICON_NAME = AppIcon;
				CODE_SIGN_STYLE = Automatic;
				DEVELOPMENT_TEAM = 5M3WX5VAKR;
				INFOPLIST_FILE = ARTest/Info.plist;
				LD_RUNPATH_SEARCH_PATHS = (
					"$(inherited)",
					"@executable_path/Frameworks",
				);
				PRODUCT_BUNDLE_IDENTIFIER = com.stiki.ARTest;
				PRODUCT_NAME = "$(TARGET_NAME)";
				SWIFT_VERSION = 5.0;
				TARGETED_DEVICE_FAMILY = "1,2";
			};
			name = Release;
		};
		D58BBDD022B4D4F900657907 /* Debug */ = {
			isa = XCBuildConfiguration;
			buildSettings = {
				ALWAYS_EMBED_SWIFT_STANDARD_LIBRARIES = YES;
				BUNDLE_LOADER = "$(TEST_HOST)";
				CODE_SIGN_STYLE = Automatic;
				DEVELOPMENT_TEAM = 5M3WX5VAKR;
				INFOPLIST_FILE = ARTestTests/Info.plist;
				LD_RUNPATH_SEARCH_PATHS = (
					"$(inherited)",
					"@executable_path/Frameworks",
					"@loader_path/Frameworks",
				);
				PRODUCT_BUNDLE_IDENTIFIER = com.stiki.ARTestTests;
				PRODUCT_NAME = "$(TARGET_NAME)";
				SWIFT_VERSION = 5.0;
				TARGETED_DEVICE_FAMILY = "1,2";
				TEST_HOST = "$(BUILT_PRODUCTS_DIR)/ARTest.app/ARTest";
			};
			name = Debug;
		};
		D58BBDD122B4D4F900657907 /* Release */ = {
			isa = XCBuildConfiguration;
			buildSettings = {
				ALWAYS_EMBED_SWIFT_STANDARD_LIBRARIES = YES;
				BUNDLE_LOADER = "$(TEST_HOST)";
				CODE_SIGN_STYLE = Automatic;
				DEVELOPMENT_TEAM = 5M3WX5VAKR;
				INFOPLIST_FILE = ARTestTests/Info.plist;
				LD_RUNPATH_SEARCH_PATHS = (
					"$(inherited)",
					"@executable_path/Frameworks",
					"@loader_path/Frameworks",
				);
				PRODUCT_BUNDLE_IDENTIFIER = com.stiki.ARTestTests;
				PRODUCT_NAME = "$(TARGET_NAME)";
				SWIFT_VERSION = 5.0;
				TARGETED_DEVICE_FAMILY = "1,2";
				TEST_HOST = "$(BUILT_PRODUCTS_DIR)/ARTest.app/ARTest";
			};
			name = Release;
		};
		D58BBDD322B4D4F900657907 /* Debug */ = {
			isa = XCBuildConfiguration;
			buildSettings = {
				ALWAYS_EMBED_SWIFT_STANDARD_LIBRARIES = YES;
				CODE_SIGN_STYLE = Automatic;
				DEVELOPMENT_TEAM = 5M3WX5VAKR;
				INFOPLIST_FILE = ARTestUITests/Info.plist;
				LD_RUNPATH_SEARCH_PATHS = (
					"$(inherited)",
					"@executable_path/Frameworks",
					"@loader_path/Frameworks",
				);
				PRODUCT_BUNDLE_IDENTIFIER = com.stiki.ARTestUITests;
				PRODUCT_NAME = "$(TARGET_NAME)";
				SWIFT_VERSION = 5.0;
				TARGETED_DEVICE_FAMILY = "1,2";
				TEST_TARGET_NAME = ARTest;
			};
			name = Debug;
		};
		D58BBDD422B4D4F900657907 /* Release */ = {
			isa = XCBuildConfiguration;
			buildSettings = {
				ALWAYS_EMBED_SWIFT_STANDARD_LIBRARIES = YES;
				CODE_SIGN_STYLE = Automatic;
				DEVELOPMENT_TEAM = 5M3WX5VAKR;
				INFOPLIST_FILE = ARTestUITests/Info.plist;
				LD_RUNPATH_SEARCH_PATHS = (
					"$(inherited)",
					"@executable_path/Frameworks",
					"@loader_path/Frameworks",
				);
				PRODUCT_BUNDLE_IDENTIFIER = com.stiki.ARTestUITests;
				PRODUCT_NAME = "$(TARGET_NAME)";
				SWIFT_VERSION = 5.0;
				TARGETED_DEVICE_FAMILY = "1,2";
				TEST_TARGET_NAME = ARTest;
			};
			name = Release;
		};
/* End XCBuildConfiguration section */

/* Begin XCConfigurationList section */
		D58BBD9D22B4D4F700657907 /* Build configuration list for PBXProject "ARTest" */ = {
			isa = XCConfigurationList;
			buildConfigurations = (
				D58BBDCA22B4D4F900657907 /* Debug */,
				D58BBDCB22B4D4F900657907 /* Release */,
			);
			defaultConfigurationIsVisible = 0;
			defaultConfigurationName = Release;
		};
		D58BBDCC22B4D4F900657907 /* Build configuration list for PBXNativeTarget "ARTest" */ = {
			isa = XCConfigurationList;
			buildConfigurations = (
				D58BBDCD22B4D4F900657907 /* Debug */,
				D58BBDCE22B4D4F900657907 /* Release */,
			);
			defaultConfigurationIsVisible = 0;
			defaultConfigurationName = Release;
		};
		D58BBDCF22B4D4F900657907 /* Build configuration list for PBXNativeTarget "ARTestTests" */ = {
			isa = XCConfigurationList;
			buildConfigurations = (
				D58BBDD022B4D4F900657907 /* Debug */,
				D58BBDD122B4D4F900657907 /* Release */,
			);
			defaultConfigurationIsVisible = 0;
			defaultConfigurationName = Release;
		};
		D58BBDD222B4D4F900657907 /* Build configuration list for PBXNativeTarget "ARTestUITests" */ = {
			isa = XCConfigurationList;
			buildConfigurations = (
				D58BBDD322B4D4F900657907 /* Debug */,
				D58BBDD422B4D4F900657907 /* Release */,
			);
			defaultConfigurationIsVisible = 0;
			defaultConfigurationName = Release;
		};
/* End XCConfigurationList section */
	};
	rootObject = D58BBD9A22B4D4F700657907 /* Project object */;
}
